// !$*UTF8*$!
{
	archiveVersion = 1;
	classes = {
	};
	objectVersion = 56;
	objects = {

/* Begin PBXBuildFile section */
		6DC21BE62B807AAB009BAA08 /* RealityKitContent in Frameworks */ = {isa = PBXBuildFile; productRef = 6DC21BE52B807AAB009BAA08 /* RealityKitContent */; };
		6DC21BE82B807AAB009BAA08 /* GalleryApp.swift in Sources */ = {isa = PBXBuildFile; fileRef = 6DC21BE72B807AAB009BAA08 /* GalleryApp.swift */; };
		6DC21BEA2B807AAB009BAA08 /* ContentView.swift in Sources */ = {isa = PBXBuildFile; fileRef = 6DC21BE92B807AAB009BAA08 /* ContentView.swift */; };
		6DC21BEC2B807AAB009BAA08 /* ImmersiveView.swift in Sources */ = {isa = PBXBuildFile; fileRef = 6DC21BEB2B807AAB009BAA08 /* ImmersiveView.swift */; };
		6DC21BEE2B807AAB009BAA08 /* ImageBasedLighting.skybox in Resources */ = {isa = PBXBuildFile; fileRef = 6DC21BED2B807AAB009BAA08 /* ImageBasedLighting.skybox */; };
		6DC21BF02B807AAC009BAA08 /* Assets.xcassets in Resources */ = {isa = PBXBuildFile; fileRef = 6DC21BEF2B807AAC009BAA08 /* Assets.xcassets */; };
		6DC21BF32B807AAC009BAA08 /* Preview Assets.xcassets in Resources */ = {isa = PBXBuildFile; fileRef = 6DC21BF22B807AAC009BAA08 /* Preview Assets.xcassets */; };
		6DC21BFF2B807C14009BAA08 /* ImageDownloader.swift in Sources */ = {isa = PBXBuildFile; fileRef = 6DC21BFE2B807C14009BAA08 /* ImageDownloader.swift */; };
		6DC21C012B808715009BAA08 /* SharedViewModel.swift in Sources */ = {isa = PBXBuildFile; fileRef = 6DC21C002B808715009BAA08 /* SharedViewModel.swift */; };
/* End PBXBuildFile section */

/* Begin PBXFileReference section */
		6DC21BE02B807AAB009BAA08 /* Gallery.app */ = {isa = PBXFileReference; explicitFileType = wrapper.application; includeInIndex = 0; path = Gallery.app; sourceTree = BUILT_PRODUCTS_DIR; };
		6DC21BE42B807AAB009BAA08 /* RealityKitContent */ = {isa = PBXFileReference; lastKnownFileType = wrapper; path = RealityKitContent; sourceTree = "<group>"; };
		6DC21BE72B807AAB009BAA08 /* GalleryApp.swift */ = {isa = PBXFileReference; lastKnownFileType = sourcecode.swift; path = GalleryApp.swift; sourceTree = "<group>"; };
		6DC21BE92B807AAB009BAA08 /* ContentView.swift */ = {isa = PBXFileReference; lastKnownFileType = sourcecode.swift; path = ContentView.swift; sourceTree = "<group>"; };
		6DC21BEB2B807AAB009BAA08 /* ImmersiveView.swift */ = {isa = PBXFileReference; lastKnownFileType = sourcecode.swift; path = ImmersiveView.swift; sourceTree = "<group>"; };
		6DC21BED2B807AAB009BAA08 /* ImageBasedLighting.skybox */ = {isa = PBXFileReference; lastKnownFileType = file.skybox; path = ImageBasedLighting.skybox; sourceTree = "<group>"; };
		6DC21BEF2B807AAC009BAA08 /* Assets.xcassets */ = {isa = PBXFileReference; lastKnownFileType = folder.assetcatalog; path = Assets.xcassets; sourceTree = "<group>"; };
		6DC21BF22B807AAC009BAA08 /* Preview Assets.xcassets */ = {isa = PBXFileReference; lastKnownFileType = folder.assetcatalog; path = "Preview Assets.xcassets"; sourceTree = "<group>"; };
		6DC21BF42B807AAC009BAA08 /* Info.plist */ = {isa = PBXFileReference; lastKnownFileType = text.plist.xml; path = Info.plist; sourceTree = "<group>"; };
		6DC21BFE2B807C14009BAA08 /* ImageDownloader.swift */ = {isa = PBXFileReference; lastKnownFileType = sourcecode.swift; path = ImageDownloader.swift; sourceTree = "<group>"; };
		6DC21C002B808715009BAA08 /* SharedViewModel.swift */ = {isa = PBXFileReference; lastKnownFileType = sourcecode.swift; path = SharedViewModel.swift; sourceTree = "<group>"; };
/* End PBXFileReference section */

/* Begin PBXFrameworksBuildPhase section */
		6DC21BDD2B807AAB009BAA08 /* Frameworks */ = {
			isa = PBXFrameworksBuildPhase;
			buildActionMask = 2147483647;
			files = (
				6DC21BE62B807AAB009BAA08 /* RealityKitContent in Frameworks */,
			);
			runOnlyForDeploymentPostprocessing = 0;
		};
/* End PBXFrameworksBuildPhase section */

/* Begin PBXGroup section */
		6DC21BD72B807AAA009BAA08 = {
			isa = PBXGroup;
			children = (
				6DC21BE22B807AAB009BAA08 /* Gallery */,
				6DC21BE32B807AAB009BAA08 /* Packages */,
				6DC21BE12B807AAB009BAA08 /* Products */,
			);
			sourceTree = "<group>";
		};
		6DC21BE12B807AAB009BAA08 /* Products */ = {
			isa = PBXGroup;
			children = (
				6DC21BE02B807AAB009BAA08 /* Gallery.app */,
			);
			name = Products;
			sourceTree = "<group>";
		};
		6DC21BE22B807AAB009BAA08 /* Gallery */ = {
			isa = PBXGroup;
			children = (
				6DC21BFD2B807BFB009BAA08 /* Network */,
				6DC21BFC2B807BD8009BAA08 /* ViewModel */,
				6DC21BFB2B807BC8009BAA08 /* View */,
				6DC21BFA2B807BC0009BAA08 /* Model */,
				6DC21BE72B807AAB009BAA08 /* GalleryApp.swift */,
				6DC21BED2B807AAB009BAA08 /* ImageBasedLighting.skybox */,
				6DC21BEF2B807AAC009BAA08 /* Assets.xcassets */,
				6DC21BF42B807AAC009BAA08 /* Info.plist */,
				6DC21BF12B807AAC009BAA08 /* Preview Content */,
			);
			path = Gallery;
			sourceTree = "<group>";
		};
		6DC21BE32B807AAB009BAA08 /* Packages */ = {
			isa = PBXGroup;
			children = (
				6DC21BE42B807AAB009BAA08 /* RealityKitContent */,
			);
			path = Packages;
			sourceTree = "<group>";
		};
		6DC21BF12B807AAC009BAA08 /* Preview Content */ = {
			isa = PBXGroup;
			children = (
				6DC21BF22B807AAC009BAA08 /* Preview Assets.xcassets */,
			);
			path = "Preview Content";
			sourceTree = "<group>";
		};
		6DC21BFA2B807BC0009BAA08 /* Model */ = {
			isa = PBXGroup;
			children = (
			);
			path = Model;
			sourceTree = "<group>";
		};
		6DC21BFB2B807BC8009BAA08 /* View */ = {
			isa = PBXGroup;
			children = (
				6DC21BE92B807AAB009BAA08 /* ContentView.swift */,
				6DC21BEB2B807AAB009BAA08 /* ImmersiveView.swift */,
			);
			path = View;
			sourceTree = "<group>";
		};
		6DC21BFC2B807BD8009BAA08 /* ViewModel */ = {
			isa = PBXGroup;
			children = (
				6DC21C002B808715009BAA08 /* SharedViewModel.swift */,
			);
			path = ViewModel;
			sourceTree = "<group>";
		};
		6DC21BFD2B807BFB009BAA08 /* Network */ = {
			isa = PBXGroup;
			children = (
				6DC21BFE2B807C14009BAA08 /* ImageDownloader.swift */,
			);
			path = Network;
			sourceTree = "<group>";
		};
/* End PBXGroup section */

/* Begin PBXNativeTarget section */
		6DC21BDF2B807AAB009BAA08 /* Gallery */ = {
			isa = PBXNativeTarget;
			buildConfigurationList = 6DC21BF72B807AAC009BAA08 /* Build configuration list for PBXNativeTarget "Gallery" */;
			buildPhases = (
				6DC21BDC2B807AAB009BAA08 /* Sources */,
				6DC21BDD2B807AAB009BAA08 /* Frameworks */,
				6DC21BDE2B807AAB009BAA08 /* Resources */,
			);
			buildRules = (
			);
			dependencies = (
			);
			name = Gallery;
			packageProductDependencies = (
				6DC21BE52B807AAB009BAA08 /* RealityKitContent */,
			);
			productName = Gallery;
			productReference = 6DC21BE02B807AAB009BAA08 /* Gallery.app */;
			productType = "com.apple.product-type.application";
		};
/* End PBXNativeTarget section */

/* Begin PBXProject section */
		6DC21BD82B807AAA009BAA08 /* Project object */ = {
			isa = PBXProject;
			attributes = {
				BuildIndependentTargetsInParallel = 1;
				LastSwiftUpdateCheck = 1520;
				LastUpgradeCheck = 1520;
				TargetAttributes = {
					6DC21BDF2B807AAB009BAA08 = {
						CreatedOnToolsVersion = 15.2;
					};
				};
			};
			buildConfigurationList = 6DC21BDB2B807AAA009BAA08 /* Build configuration list for PBXProject "Gallery" */;
			compatibilityVersion = "Xcode 14.0";
			developmentRegion = en;
			hasScannedForEncodings = 0;
			knownRegions = (
				en,
				Base,
			);
			mainGroup = 6DC21BD72B807AAA009BAA08;
			productRefGroup = 6DC21BE12B807AAB009BAA08 /* Products */;
			projectDirPath = "";
			projectRoot = "";
			targets = (
				6DC21BDF2B807AAB009BAA08 /* Gallery */,
			);
		};
/* End PBXProject section */

/* Begin PBXResourcesBuildPhase section */
		6DC21BDE2B807AAB009BAA08 /* Resources */ = {
			isa = PBXResourcesBuildPhase;
			buildActionMask = 2147483647;
			files = (
				6DC21BF02B807AAC009BAA08 /* Assets.xcassets in Resources */,
				6DC21BF32B807AAC009BAA08 /* Preview Assets.xcassets in Resources */,
				6DC21BEE2B807AAB009BAA08 /* ImageBasedLighting.skybox in Resources */,
			);
			runOnlyForDeploymentPostprocessing = 0;
		};
/* End PBXResourcesBuildPhase section */

/* Begin PBXSourcesBuildPhase section */
		6DC21BDC2B807AAB009BAA08 /* Sources */ = {
			isa = PBXSourcesBuildPhase;
			buildActionMask = 2147483647;
			files = (
				6DC21BEA2B807AAB009BAA08 /* ContentView.swift in Sources */,
				6DC21BE82B807AAB009BAA08 /* GalleryApp.swift in Sources */,
				6DC21BFF2B807C14009BAA08 /* ImageDownloader.swift in Sources */,
				6DC21BEC2B807AAB009BAA08 /* ImmersiveView.swift in Sources */,
				6DC21C012B808715009BAA08 /* SharedViewModel.swift in Sources */,
			);
			runOnlyForDeploymentPostprocessing = 0;
		};
/* End PBXSourcesBuildPhase section */

/* Begin XCBuildConfiguration section */
		6DC21BF52B807AAC009BAA08 /* Debug */ = {
			isa = XCBuildConfiguration;
			buildSettings = {
				ALWAYS_SEARCH_USER_PATHS = NO;
				ASSETCATALOG_COMPILER_GENERATE_SWIFT_ASSET_SYMBOL_EXTENSIONS = YES;
				CLANG_ANALYZER_NONNULL = YES;
				CLANG_ANALYZER_NUMBER_OBJECT_CONVERSION = YES_AGGRESSIVE;
				CLANG_CXX_LANGUAGE_STANDARD = "gnu++20";
				CLANG_ENABLE_MODULES = YES;
				CLANG_ENABLE_OBJC_ARC = YES;
				CLANG_ENABLE_OBJC_WEAK = YES;
				CLANG_WARN_BLOCK_CAPTURE_AUTORELEASING = YES;
				CLANG_WARN_BOOL_CONVERSION = YES;
				CLANG_WARN_COMMA = YES;
				CLANG_WARN_CONSTANT_CONVERSION = YES;
				CLANG_WARN_DEPRECATED_OBJC_IMPLEMENTATIONS = YES;
				CLANG_WARN_DIRECT_OBJC_ISA_USAGE = YES_ERROR;
				CLANG_WARN_DOCUMENTATION_COMMENTS = YES;
				CLANG_WARN_EMPTY_BODY = YES;
				CLANG_WARN_ENUM_CONVERSION = YES;
				CLANG_WARN_INFINITE_RECURSION = YES;
				CLANG_WARN_INT_CONVERSION = YES;
				CLANG_WARN_NON_LITERAL_NULL_CONVERSION = YES;
				CLANG_WARN_OBJC_IMPLICIT_RETAIN_SELF = YES;
				CLANG_WARN_OBJC_LITERAL_CONVERSION = YES;
				CLANG_WARN_OBJC_ROOT_CLASS = YES_ERROR;
				CLANG_WARN_QUOTED_INCLUDE_IN_FRAMEWORK_HEADER = YES;
				CLANG_WARN_RANGE_LOOP_ANALYSIS = YES;
				CLANG_WARN_STRICT_PROTOTYPES = YES;
				CLANG_WARN_SUSPICIOUS_MOVE = YES;
				CLANG_WARN_UNGUARDED_AVAILABILITY = YES_AGGRESSIVE;
				CLANG_WARN_UNREACHABLE_CODE = YES;
				CLANG_WARN__DUPLICATE_METHOD_MATCH = YES;
				COPY_PHASE_STRIP = NO;
				DEBUG_INFORMATION_FORMAT = dwarf;
				ENABLE_STRICT_OBJC_MSGSEND = YES;
				ENABLE_TESTABILITY = YES;
				ENABLE_USER_SCRIPT_SANDBOXING = YES;
				GCC_C_LANGUAGE_STANDARD = gnu17;
				GCC_DYNAMIC_NO_PIC = NO;
				GCC_NO_COMMON_BLOCKS = YES;
				GCC_OPTIMIZATION_LEVEL = 0;
				GCC_PREPROCESSOR_DEFINITIONS = (
					"DEBUG=1",
					"$(inherited)",
				);
				GCC_WARN_64_TO_32_BIT_CONVERSION = YES;
				GCC_WARN_ABOUT_RETURN_TYPE = YES_ERROR;
				GCC_WARN_UNDECLARED_SELECTOR = YES;
				GCC_WARN_UNINITIALIZED_AUTOS = YES_AGGRESSIVE;
				GCC_WARN_UNUSED_FUNCTION = YES;
				GCC_WARN_UNUSED_VARIABLE = YES;
				LOCALIZATION_PREFERS_STRING_CATALOGS = YES;
				MTL_ENABLE_DEBUG_INFO = INCLUDE_SOURCE;
				MTL_FAST_MATH = YES;
				ONLY_ACTIVE_ARCH = YES;
				SDKROOT = xros;
				SWIFT_ACTIVE_COMPILATION_CONDITIONS = "DEBUG $(inherited)";
				SWIFT_OPTIMIZATION_LEVEL = "-Onone";
				XROS_DEPLOYMENT_TARGET = 1.0;
			};
			name = Debug;
		};
		6DC21BF62B807AAC009BAA08 /* Release */ = {
			isa = XCBuildConfiguration;
			buildSettings = {
				ALWAYS_SEARCH_USER_PATHS = NO;
				ASSETCATALOG_COMPILER_GENERATE_SWIFT_ASSET_SYMBOL_EXTENSIONS = YES;
				CLANG_ANALYZER_NONNULL = YES;
				CLANG_ANALYZER_NUMBER_OBJECT_CONVERSION = YES_AGGRESSIVE;
				CLANG_CXX_LANGUAGE_STANDARD = "gnu++20";
				CLANG_ENABLE_MODULES = YES;
				CLANG_ENABLE_OBJC_ARC = YES;
				CLANG_ENABLE_OBJC_WEAK = YES;
				CLANG_WARN_BLOCK_CAPTURE_AUTORELEASING = YES;
				CLANG_WARN_BOOL_CONVERSION = YES;
				CLANG_WARN_COMMA = YES;
				CLANG_WARN_CONSTANT_CONVERSION = YES;
				CLANG_WARN_DEPRECATED_OBJC_IMPLEMENTATIONS = YES;
				CLANG_WARN_DIRECT_OBJC_ISA_USAGE = YES_ERROR;
				CLANG_WARN_DOCUMENTATION_COMMENTS = YES;
				CLANG_WARN_EMPTY_BODY = YES;
				CLANG_WARN_ENUM_CONVERSION = YES;
				CLANG_WARN_INFINITE_RECURSION = YES;
				CLANG_WARN_INT_CONVERSION = YES;
				CLANG_WARN_NON_LITERAL_NULL_CONVERSION = YES;
				CLANG_WARN_OBJC_IMPLICIT_RETAIN_SELF = YES;
				CLANG_WARN_OBJC_LITERAL_CONVERSION = YES;
				CLANG_WARN_OBJC_ROOT_CLASS = YES_ERROR;
				CLANG_WARN_QUOTED_INCLUDE_IN_FRAMEWORK_HEADER = YES;
				CLANG_WARN_RANGE_LOOP_ANALYSIS = YES;
				CLANG_WARN_STRICT_PROTOTYPES = YES;
				CLANG_WARN_SUSPICIOUS_MOVE = YES;
				CLANG_WARN_UNGUARDED_AVAILABILITY = YES_AGGRESSIVE;
				CLANG_WARN_UNREACHABLE_CODE = YES;
				CLANG_WARN__DUPLICATE_METHOD_MATCH = YES;
				COPY_PHASE_STRIP = NO;
				DEBUG_INFORMATION_FORMAT = "dwarf-with-dsym";
				ENABLE_NS_ASSERTIONS = NO;
				ENABLE_STRICT_OBJC_MSGSEND = YES;
				ENABLE_USER_SCRIPT_SANDBOXING = YES;
				GCC_C_LANGUAGE_STANDARD = gnu17;
				GCC_NO_COMMON_BLOCKS = YES;
				GCC_WARN_64_TO_32_BIT_CONVERSION = YES;
				GCC_WARN_ABOUT_RETURN_TYPE = YES_ERROR;
				GCC_WARN_UNDECLARED_SELECTOR = YES;
				GCC_WARN_UNINITIALIZED_AUTOS = YES_AGGRESSIVE;
				GCC_WARN_UNUSED_FUNCTION = YES;
				GCC_WARN_UNUSED_VARIABLE = YES;
				LOCALIZATION_PREFERS_STRING_CATALOGS = YES;
				MTL_ENABLE_DEBUG_INFO = NO;
				MTL_FAST_MATH = YES;
				SDKROOT = xros;
				SWIFT_COMPILATION_MODE = wholemodule;
				VALIDATE_PRODUCT = YES;
				XROS_DEPLOYMENT_TARGET = 1.0;
			};
			name = Release;
		};
		6DC21BF82B807AAC009BAA08 /* Debug */ = {
			isa = XCBuildConfiguration;
			buildSettings = {
				ASSETCATALOG_COMPILER_APPICON_NAME = AppIcon;
				ASSETCATALOG_COMPILER_GLOBAL_ACCENT_COLOR_NAME = AccentColor;
				CODE_SIGN_STYLE = Automatic;
				CURRENT_PROJECT_VERSION = 1;
				DEVELOPMENT_ASSET_PATHS = "\"Gallery/Preview Content\"";
				DEVELOPMENT_TEAM = 3L6GM9BB43;
				ENABLE_PREVIEWS = YES;
				GENERATE_INFOPLIST_FILE = YES;
				INFOPLIST_FILE = "$(TARGET_NAME)/Info.plist";
				INFOPLIST_KEY_CFBundleDisplayName = Holodeck;
				INFOPLIST_KEY_LSApplicationCategoryType = "public.app-category.entertainment";
				LD_RUNPATH_SEARCH_PATHS = (
					"$(inherited)",
					"@executable_path/Frameworks",
				);
				MARKETING_VERSION = 1.0;
				PRODUCT_BUNDLE_IDENTIFIER = com.helena.Holodeck;
				PRODUCT_NAME = "$(TARGET_NAME)";
				SUPPORTED_PLATFORMS = "xros xrsimulator";
				SWIFT_EMIT_LOC_STRINGS = YES;
				SWIFT_VERSION = 5.0;
				TARGETED_DEVICE_FAMILY = "1,2,7";
			};
			name = Debug;
		};
		6DC21BF92B807AAC009BAA08 /* Release */ = {
			isa = XCBuildConfiguration;
			buildSettings = {
				ASSETCATALOG_COMPILER_APPICON_NAME = AppIcon;
				ASSETCATALOG_COMPILER_GLOBAL_ACCENT_COLOR_NAME = AccentColor;
				CODE_SIGN_STYLE = Automatic;
				CURRENT_PROJECT_VERSION = 1;
				DEVELOPMENT_ASSET_PATHS = "\"Gallery/Preview Content\"";
				DEVELOPMENT_TEAM = 3L6GM9BB43;
				ENABLE_PREVIEWS = YES;
				GENERATE_INFOPLIST_FILE = YES;
				INFOPLIST_FILE = "$(TARGET_NAME)/Info.plist";
				INFOPLIST_KEY_CFBundleDisplayName = Holodeck;
				INFOPLIST_KEY_LSApplicationCategoryType = "public.app-category.entertainment";
				LD_RUNPATH_SEARCH_PATHS = (
					"$(inherited)",
					"@executable_path/Frameworks",
				);
				MARKETING_VERSION = 1.0;
				PRODUCT_BUNDLE_IDENTIFIER = com.helena.Holodeck;
				PRODUCT_NAME = "$(TARGET_NAME)";
				SUPPORTED_PLATFORMS = "xros xrsimulator";
				SWIFT_EMIT_LOC_STRINGS = YES;
				SWIFT_VERSION = 5.0;
				TARGETED_DEVICE_FAMILY = "1,2,7";
			};
			name = Release;
		};
/* End XCBuildConfiguration section */

/* Begin XCConfigurationList section */
		6DC21BDB2B807AAA009BAA08 /* Build configuration list for PBXProject "Gallery" */ = {
			isa = XCConfigurationList;
			buildConfigurations = (
				6DC21BF52B807AAC009BAA08 /* Debug */,
				6DC21BF62B807AAC009BAA08 /* Release */,
			);
			defaultConfigurationIsVisible = 0;
			defaultConfigurationName = Release;
		};
		6DC21BF72B807AAC009BAA08 /* Build configuration list for PBXNativeTarget "Gallery" */ = {
			isa = XCConfigurationList;
			buildConfigurations = (
				6DC21BF82B807AAC009BAA08 /* Debug */,
				6DC21BF92B807AAC009BAA08 /* Release */,
			);
			defaultConfigurationIsVisible = 0;
			defaultConfigurationName = Release;
		};
/* End XCConfigurationList section */

/* Begin XCSwiftPackageProductDependency section */
		6DC21BE52B807AAB009BAA08 /* RealityKitContent */ = {
			isa = XCSwiftPackageProductDependency;
			productName = RealityKitContent;
		};
/* End XCSwiftPackageProductDependency section */
	};
	rootObject = 6DC21BD82B807AAA009BAA08 /* Project object */;
}
